PODS:
  - Alidade (1.0.1):
    - Alidade/Default (= 1.0.1)
  - Alidade/Core (1.0.1)
  - Alidade/Default (1.0.1):
    - Alidade/Core
    - Alidade/FormatterPool
    - Alidade/Logging
    - Alidade/String
    - Alidade/UI
    - Alidade/UIExtension
    - Alidade/Vectors
  - Alidade/FormatterPool (1.0.1)
  - Alidade/Logging (1.0.1):
    - Alidade/Core
  - Alidade/String (1.0.1):
    - Alidade/Core
  - Alidade/UI (1.0.1):
    - Alidade/Core
  - Alidade/UIExtension (1.0.1):
    - Alidade/Core
  - Alidade/Vectors (1.0.1)
  - SwiftLint (0.26.0)

DEPENDENCIES:
  - Alidade (from `./`)
  - SwiftLint

SPEC REPOS:
  https://github.com/cocoapods/specs.git:
    - SwiftLint

EXTERNAL SOURCES:
  Alidade:
    :path: "./"

SPEC CHECKSUMS:
  Alidade: 3fca8702350cb0cb1142253ffe689ffa347b6981
  SwiftLint: f6b83e8d95ee1e91e11932d843af4fdcbf3fc764

PODFILE CHECKSUM: 74b47aefe7706eaed94c3fe4f6ad97037b0b139f

COCOAPODS: 1.5.3
