PODS:
  - Alidade (5.1.7)
  - AlidadeCoreAnimation (5.1.7):
    - Alidade
  - AlidadeFunctionalAnimation (5.1.7):
    - Alidade
  - AlidadeGeometry (5.1.7):
    - AlidadeVectors
  - AlidadeVectors (5.1.7):
    - Alidade
  - Nimble (9.2.0)

DEPENDENCIES:
  - Alidade (from `.`)
  - AlidadeCoreAnimation (from `.`)
  - AlidadeFunctionalAnimation (from `.`)
  - AlidadeGeometry (from `.`)
  - AlidadeVectors (from `.`)
  - Nimble

SPEC REPOS:
  https://github.com/CocoaPods/Specs.git:
    - Nimble

EXTERNAL SOURCES:
  Alidade:
    :path: "."
  AlidadeCoreAnimation:
    :path: "."
  AlidadeFunctionalAnimation:
    :path: "."
  AlidadeGeometry:
    :path: "."
  AlidadeVectors:
    :path: "."

SPEC CHECKSUMS:
  Alidade: 700937e22f8eed50ed31448fd87215d126e67b36
  AlidadeCoreAnimation: 2c6d8fea03df38ab3a154d5624c5e332945dc0fa
  AlidadeFunctionalAnimation: 4f22a76706b66487974d98efee6b5c77f42b8d2f
  AlidadeGeometry: e6c637eeed7efe230a4ce394f623926ee0981b65
  AlidadeVectors: 66d1e41354b9a83b563a5671087a198435ee3bd2
  Nimble: 4f4a345c80b503b3ea13606a4f98405974ee4d0b

PODFILE CHECKSUM: b8403889241bc0f21f510b2d256297d4cd932297

COCOAPODS: 1.7.4
