PODS:
  - Nimble (8.0.1)
  - SwiftLint (0.26.0)

DEPENDENCIES:
  - Nimble
  - SwiftLint

SPEC REPOS:
  https://github.com/cocoapods/specs.git:
    - Nimble
    - SwiftLint

SPEC CHECKSUMS:
  Nimble: 45f786ae66faa9a709624227fae502db55a8bdd0
  SwiftLint: f6b83e8d95ee1e91e11932d843af4fdcbf3fc764

PODFILE CHECKSUM: 6f1bbd33f9d3a56ab53a99981fa660ebfc6b0a04

COCOAPODS: 1.7.4
