// !$*UTF8*$!
{
	archiveVersion = 1;
	classes = {
	};
	objectVersion = 48;
	objects = {

/* Begin PBXBuildFile section */
		5C30E6001FA0D8C600591CAA /* Demo.swift in Sources */ = {isa = PBXBuildFile; fileRef = 5C30E5FF1FA0D8C600591CAA /* Demo.swift */; };
		CE91F3221F948AA8002FCE7E /* Utility.h in Headers */ = {isa = PBXBuildFile; fileRef = CE91F3201F948AA8002FCE7E /* Utility.h */; settings = {ATTRIBUTES = (Public, ); }; };
		CE91F3991F948FA5002FCE7E /* BoolExtension.swift in Sources */ = {isa = PBXBuildFile; fileRef = CE91F3731F948F9C002FCE7E /* BoolExtension.swift */; };
		CE91F39A1F948FA5002FCE7E /* Boxed.swift in Sources */ = {isa = PBXBuildFile; fileRef = CE91F3741F948F9C002FCE7E /* Boxed.swift */; };
		CE91F39B1F948FA5002FCE7E /* Float+Formatted.swift in Sources */ = {isa = PBXBuildFile; fileRef = CE91F3751F948F9C002FCE7E /* Float+Formatted.swift */; };
		CE91F39C1F948FA5002FCE7E /* Geometry.swift in Sources */ = {isa = PBXBuildFile; fileRef = CE91F3761F948F9C002FCE7E /* Geometry.swift */; };
		CE91F39D1F948FA5002FCE7E /* Int+Formatted.swift in Sources */ = {isa = PBXBuildFile; fileRef = CE91F3771F948F9C002FCE7E /* Int+Formatted.swift */; };
		CE91F39F1F948FA5002FCE7E /* SequenceExtension.swift in Sources */ = {isa = PBXBuildFile; fileRef = CE91F3791F948F9C002FCE7E /* SequenceExtension.swift */; };
		CE91F3A11F948FA5002FCE7E /* StringExtension.swift in Sources */ = {isa = PBXBuildFile; fileRef = CE91F37B1F948F9C002FCE7E /* StringExtension.swift */; };
		CE91F3A51F948FAC002FCE7E /* FormatterPool.swift in Sources */ = {isa = PBXBuildFile; fileRef = CE91F3811F948F9C002FCE7E /* FormatterPool.swift */; };
		CE91F3A61F948FAC002FCE7E /* CGFloatExtension.swift in Sources */ = {isa = PBXBuildFile; fileRef = CE91F3841F948F9C002FCE7E /* CGFloatExtension.swift */; };
		CE91F3A71F948FAC002FCE7E /* CGPointExtension.swift in Sources */ = {isa = PBXBuildFile; fileRef = CE91F3851F948F9C002FCE7E /* CGPointExtension.swift */; };
		CE91F3A81F948FAC002FCE7E /* CGRectExtension.swift in Sources */ = {isa = PBXBuildFile; fileRef = CE91F3861F948F9C002FCE7E /* CGRectExtension.swift */; };
		CE91F3A91F948FAC002FCE7E /* ComparableExtension.swift in Sources */ = {isa = PBXBuildFile; fileRef = CE91F3871F948F9C002FCE7E /* ComparableExtension.swift */; };
		CE91F3AA1F948FAC002FCE7E /* CGSizeOperators.swift in Sources */ = {isa = PBXBuildFile; fileRef = CE91F3881F948F9C002FCE7E /* CGSizeOperators.swift */; };
		CE91F3AB1F948FAC002FCE7E /* UIColorExtension.swift in Sources */ = {isa = PBXBuildFile; fileRef = CE91F3891F948F9C002FCE7E /* UIColorExtension.swift */; };
		CE91F3AE1F948FAC002FCE7E /* UIScrollViewExtension.swift in Sources */ = {isa = PBXBuildFile; fileRef = CE91F38C1F948F9C002FCE7E /* UIScrollViewExtension.swift */; };
		CE91F3AF1F948FAC002FCE7E /* UIView+Animations.swift in Sources */ = {isa = PBXBuildFile; fileRef = CE91F38D1F948F9C002FCE7E /* UIView+Animations.swift */; };
		CE91F3B01F948FAC002FCE7E /* UIViewExtension.swift in Sources */ = {isa = PBXBuildFile; fileRef = CE91F38E1F948F9C002FCE7E /* UIViewExtension.swift */; };
		CE91F3B11F948FB3002FCE7E /* Updateable.swift in Sources */ = {isa = PBXBuildFile; fileRef = CE91F3901F948F9C002FCE7E /* Updateable.swift */; };
		CE91F3B21F948FB3002FCE7E /* UIExtension.swift in Sources */ = {isa = PBXBuildFile; fileRef = CE91F3911F948F9C002FCE7E /* UIExtension.swift */; };
		CE91F3B31F948FB3002FCE7E /* GradientView.swift in Sources */ = {isa = PBXBuildFile; fileRef = CE91F3931F948F9C002FCE7E /* GradientView.swift */; };
		CE91F3B41F948FB3002FCE7E /* LineView.swift in Sources */ = {isa = PBXBuildFile; fileRef = CE91F3941F948F9C002FCE7E /* LineView.swift */; };
		CE91F3B51F948FB3002FCE7E /* PathView.swift in Sources */ = {isa = PBXBuildFile; fileRef = CE91F3951F948F9C002FCE7E /* PathView.swift */; };
		CE91F3B61F948FB3002FCE7E /* RadialGradientLayer.swift in Sources */ = {isa = PBXBuildFile; fileRef = CE91F3961F948F9C002FCE7E /* RadialGradientLayer.swift */; };
		CE91F3B71F948FB3002FCE7E /* TestView.swift in Sources */ = {isa = PBXBuildFile; fileRef = CE91F3971F948F9C002FCE7E /* TestView.swift */; };
		CEC90CA11F94BB9B00FA7643 /* BoolExtension.swift in Headers */ = {isa = PBXBuildFile; fileRef = CE91F3731F948F9C002FCE7E /* BoolExtension.swift */; };
		CEC90CA21F94BB9B00FA7643 /* Boxed.swift in Headers */ = {isa = PBXBuildFile; fileRef = CE91F3741F948F9C002FCE7E /* Boxed.swift */; };
		CEC90CA31F94BB9B00FA7643 /* Float+Formatted.swift in Headers */ = {isa = PBXBuildFile; fileRef = CE91F3751F948F9C002FCE7E /* Float+Formatted.swift */; };
		CEC90CA41F94BB9B00FA7643 /* Geometry.swift in Headers */ = {isa = PBXBuildFile; fileRef = CE91F3761F948F9C002FCE7E /* Geometry.swift */; };
		CEC90CA51F94BB9B00FA7643 /* Int+Formatted.swift in Headers */ = {isa = PBXBuildFile; fileRef = CE91F3771F948F9C002FCE7E /* Int+Formatted.swift */; };
		CEC90CA71F94BB9B00FA7643 /* SequenceExtension.swift in Headers */ = {isa = PBXBuildFile; fileRef = CE91F3791F948F9C002FCE7E /* SequenceExtension.swift */; };
		CEC90CA91F94BB9B00FA7643 /* StringExtension.swift in Headers */ = {isa = PBXBuildFile; fileRef = CE91F37B1F948F9C002FCE7E /* StringExtension.swift */; };
		CEC90CAD1F94BB9B00FA7643 /* FormatterPool.swift in Headers */ = {isa = PBXBuildFile; fileRef = CE91F3811F948F9C002FCE7E /* FormatterPool.swift */; };
		CEC90CAE1F94BB9B00FA7643 /* CGFloatExtension.swift in Headers */ = {isa = PBXBuildFile; fileRef = CE91F3841F948F9C002FCE7E /* CGFloatExtension.swift */; };
		CEC90CAF1F94BB9B00FA7643 /* CGPointExtension.swift in Headers */ = {isa = PBXBuildFile; fileRef = CE91F3851F948F9C002FCE7E /* CGPointExtension.swift */; };
		CEC90CB01F94BB9B00FA7643 /* CGRectExtension.swift in Headers */ = {isa = PBXBuildFile; fileRef = CE91F3861F948F9C002FCE7E /* CGRectExtension.swift */; };
		CEC90CB11F94BB9B00FA7643 /* ComparableExtension.swift in Headers */ = {isa = PBXBuildFile; fileRef = CE91F3871F948F9C002FCE7E /* ComparableExtension.swift */; };
		CEC90CB21F94BB9B00FA7643 /* CGSizeOperators.swift in Headers */ = {isa = PBXBuildFile; fileRef = CE91F3881F948F9C002FCE7E /* CGSizeOperators.swift */; };
		CEC90CB31F94BB9B00FA7643 /* UIColorExtension.swift in Headers */ = {isa = PBXBuildFile; fileRef = CE91F3891F948F9C002FCE7E /* UIColorExtension.swift */; };
		CEC90CB61F94BB9B00FA7643 /* UIScrollViewExtension.swift in Headers */ = {isa = PBXBuildFile; fileRef = CE91F38C1F948F9C002FCE7E /* UIScrollViewExtension.swift */; };
		CEC90CB71F94BB9B00FA7643 /* UIView+Animations.swift in Headers */ = {isa = PBXBuildFile; fileRef = CE91F38D1F948F9C002FCE7E /* UIView+Animations.swift */; };
		CEC90CB81F94BB9B00FA7643 /* UIViewExtension.swift in Headers */ = {isa = PBXBuildFile; fileRef = CE91F38E1F948F9C002FCE7E /* UIViewExtension.swift */; };
		CEC90CB91F94BB9B00FA7643 /* Updateable.swift in Headers */ = {isa = PBXBuildFile; fileRef = CE91F3901F948F9C002FCE7E /* Updateable.swift */; };
		CEC90CBA1F94BB9B00FA7643 /* UIExtension.swift in Headers */ = {isa = PBXBuildFile; fileRef = CE91F3911F948F9C002FCE7E /* UIExtension.swift */; };
		CEC90CBB1F94BB9B00FA7643 /* GradientView.swift in Headers */ = {isa = PBXBuildFile; fileRef = CE91F3931F948F9C002FCE7E /* GradientView.swift */; };
		CEC90CBC1F94BB9B00FA7643 /* LineView.swift in Headers */ = {isa = PBXBuildFile; fileRef = CE91F3941F948F9C002FCE7E /* LineView.swift */; };
		CEC90CBD1F94BB9B00FA7643 /* PathView.swift in Headers */ = {isa = PBXBuildFile; fileRef = CE91F3951F948F9C002FCE7E /* PathView.swift */; };
		CEC90CBE1F94BB9B00FA7643 /* RadialGradientLayer.swift in Headers */ = {isa = PBXBuildFile; fileRef = CE91F3961F948F9C002FCE7E /* RadialGradientLayer.swift */; };
		CEC90CBF1F94BB9B00FA7643 /* TestView.swift in Headers */ = {isa = PBXBuildFile; fileRef = CE91F3971F948F9C002FCE7E /* TestView.swift */; };
		CEE0CAA81F9F434E00EE9B2E /* AppDelegate.swift in Sources */ = {isa = PBXBuildFile; fileRef = CEE0CAA71F9F434E00EE9B2E /* AppDelegate.swift */; };
		CEE0CAAA1F9F434E00EE9B2E /* ViewController.swift in Sources */ = {isa = PBXBuildFile; fileRef = CEE0CAA91F9F434E00EE9B2E /* ViewController.swift */; };
		CEE0CAAD1F9F434E00EE9B2E /* Main.storyboard in Resources */ = {isa = PBXBuildFile; fileRef = CEE0CAAB1F9F434E00EE9B2E /* Main.storyboard */; };
		CEE0CAAF1F9F434E00EE9B2E /* Assets.xcassets in Resources */ = {isa = PBXBuildFile; fileRef = CEE0CAAE1F9F434E00EE9B2E /* Assets.xcassets */; };
		CEE0CAB21F9F434E00EE9B2E /* LaunchScreen.storyboard in Resources */ = {isa = PBXBuildFile; fileRef = CEE0CAB01F9F434E00EE9B2E /* LaunchScreen.storyboard */; };
		CEE0CABA1F9F44A700EE9B2E /* String+HTML.swift in Sources */ = {isa = PBXBuildFile; fileRef = CEE0CAB91F9F44A700EE9B2E /* String+HTML.swift */; };
		CEE0CABC1F9F48B200EE9B2E /* String+Rendering.swift in Sources */ = {isa = PBXBuildFile; fileRef = CEE0CABB1F9F48B200EE9B2E /* String+Rendering.swift */; };
		CEE0CABE1F9F685E00EE9B2E /* CGSizeExtension.swift in Sources */ = {isa = PBXBuildFile; fileRef = CEE0CABD1F9F685E00EE9B2E /* CGSizeExtension.swift */; };
		CEE0CAC11F9F700D00EE9B2E /* CGPointOperators.swift in Sources */ = {isa = PBXBuildFile; fileRef = CEE0CAC01F9F700D00EE9B2E /* CGPointOperators.swift */; };
		CEE0CAC31F9F703C00EE9B2E /* CGAffineTransformOperators.swift in Sources */ = {isa = PBXBuildFile; fileRef = CEE0CAC21F9F703C00EE9B2E /* CGAffineTransformOperators.swift */; };
		CEE0CAC51F9F705A00EE9B2E /* UIEdgeInsetsOperators.swift in Sources */ = {isa = PBXBuildFile; fileRef = CEE0CAC41F9F705A00EE9B2E /* UIEdgeInsetsOperators.swift */; };
		CEE0CAC71F9F715A00EE9B2E /* CGRect+Geometry.swift in Sources */ = {isa = PBXBuildFile; fileRef = CEE0CAC61F9F715A00EE9B2E /* CGRect+Geometry.swift */; };
		CEE0CAC91F9F727A00EE9B2E /* CGRectOperators.swift in Sources */ = {isa = PBXBuildFile; fileRef = CEE0CAC81F9F727A00EE9B2E /* CGRectOperators.swift */; };
		CEE0CACE1F9F79FB00EE9B2E /* UIEdgeInsetsExtension.swift in Sources */ = {isa = PBXBuildFile; fileRef = CEE0CACD1F9F79FB00EE9B2E /* UIEdgeInsetsExtension.swift */; };
		CEE0CAD01F9F868A00EE9B2E /* UIExtensionDevice.swift in Sources */ = {isa = PBXBuildFile; fileRef = CEE0CACF1F9F868A00EE9B2E /* UIExtensionDevice.swift */; };
		CEE0CAD21F9F869300EE9B2E /* UIExtensionSize.swift in Sources */ = {isa = PBXBuildFile; fileRef = CEE0CAD11F9F869300EE9B2E /* UIExtensionSize.swift */; };
		CEE0CAD41F9F874700EE9B2E /* IntExtension.swift in Sources */ = {isa = PBXBuildFile; fileRef = CEE0CAD31F9F874700EE9B2E /* IntExtension.swift */; };
/* End PBXBuildFile section */

/* Begin PBXContainerItemProxy section */
		CEE0CAB71F9F435A00EE9B2E /* PBXContainerItemProxy */ = {
			isa = PBXContainerItemProxy;
			containerPortal = CE91F3141F948AA8002FCE7E /* Project object */;
			proxyType = 1;
			remoteGlobalIDString = CE91F31C1F948AA8002FCE7E;
			remoteInfo = Utility;
		};
/* End PBXContainerItemProxy section */

/* Begin PBXFileReference section */
		5C30E5FF1FA0D8C600591CAA /* Demo.swift */ = {isa = PBXFileReference; lastKnownFileType = sourcecode.swift; path = Demo.swift; sourceTree = "<group>"; };
		CE91F31D1F948AA8002FCE7E /* Utility.framework */ = {isa = PBXFileReference; explicitFileType = wrapper.framework; includeInIndex = 0; path = Utility.framework; sourceTree = BUILT_PRODUCTS_DIR; };
		CE91F3201F948AA8002FCE7E /* Utility.h */ = {isa = PBXFileReference; lastKnownFileType = sourcecode.c.h; path = Utility.h; sourceTree = "<group>"; };
		CE91F3211F948AA8002FCE7E /* Info.plist */ = {isa = PBXFileReference; lastKnownFileType = text.plist.xml; path = Info.plist; sourceTree = "<group>"; };
		CE91F3731F948F9C002FCE7E /* BoolExtension.swift */ = {isa = PBXFileReference; lastKnownFileType = sourcecode.swift; path = BoolExtension.swift; sourceTree = "<group>"; };
		CE91F3741F948F9C002FCE7E /* Boxed.swift */ = {isa = PBXFileReference; lastKnownFileType = sourcecode.swift; path = Boxed.swift; sourceTree = "<group>"; };
		CE91F3751F948F9C002FCE7E /* Float+Formatted.swift */ = {isa = PBXFileReference; lastKnownFileType = sourcecode.swift; path = "Float+Formatted.swift"; sourceTree = "<group>"; };
		CE91F3761F948F9C002FCE7E /* Geometry.swift */ = {isa = PBXFileReference; lastKnownFileType = sourcecode.swift; path = Geometry.swift; sourceTree = "<group>"; };
		CE91F3771F948F9C002FCE7E /* Int+Formatted.swift */ = {isa = PBXFileReference; lastKnownFileType = sourcecode.swift; path = "Int+Formatted.swift"; sourceTree = "<group>"; };
		CE91F3791F948F9C002FCE7E /* SequenceExtension.swift */ = {isa = PBXFileReference; lastKnownFileType = sourcecode.swift; path = SequenceExtension.swift; sourceTree = "<group>"; };
		CE91F37B1F948F9C002FCE7E /* StringExtension.swift */ = {isa = PBXFileReference; lastKnownFileType = sourcecode.swift; path = StringExtension.swift; sourceTree = "<group>"; };
		CE91F3811F948F9C002FCE7E /* FormatterPool.swift */ = {isa = PBXFileReference; lastKnownFileType = sourcecode.swift; path = FormatterPool.swift; sourceTree = "<group>"; };
		CE91F3841F948F9C002FCE7E /* CGFloatExtension.swift */ = {isa = PBXFileReference; lastKnownFileType = sourcecode.swift; path = CGFloatExtension.swift; sourceTree = "<group>"; };
		CE91F3851F948F9C002FCE7E /* CGPointExtension.swift */ = {isa = PBXFileReference; lastKnownFileType = sourcecode.swift; path = CGPointExtension.swift; sourceTree = "<group>"; };
		CE91F3861F948F9C002FCE7E /* CGRectExtension.swift */ = {isa = PBXFileReference; lastKnownFileType = sourcecode.swift; path = CGRectExtension.swift; sourceTree = "<group>"; };
		CE91F3871F948F9C002FCE7E /* ComparableExtension.swift */ = {isa = PBXFileReference; lastKnownFileType = sourcecode.swift; path = ComparableExtension.swift; sourceTree = "<group>"; };
		CE91F3881F948F9C002FCE7E /* CGSizeOperators.swift */ = {isa = PBXFileReference; lastKnownFileType = sourcecode.swift; path = CGSizeOperators.swift; sourceTree = "<group>"; };
		CE91F3891F948F9C002FCE7E /* UIColorExtension.swift */ = {isa = PBXFileReference; lastKnownFileType = sourcecode.swift; path = UIColorExtension.swift; sourceTree = "<group>"; };
		CE91F38C1F948F9C002FCE7E /* UIScrollViewExtension.swift */ = {isa = PBXFileReference; lastKnownFileType = sourcecode.swift; path = UIScrollViewExtension.swift; sourceTree = "<group>"; };
		CE91F38D1F948F9C002FCE7E /* UIView+Animations.swift */ = {isa = PBXFileReference; lastKnownFileType = sourcecode.swift; path = "UIView+Animations.swift"; sourceTree = "<group>"; };
		CE91F38E1F948F9C002FCE7E /* UIViewExtension.swift */ = {isa = PBXFileReference; lastKnownFileType = sourcecode.swift; path = UIViewExtension.swift; sourceTree = "<group>"; };
		CE91F3901F948F9C002FCE7E /* Updateable.swift */ = {isa = PBXFileReference; lastKnownFileType = sourcecode.swift; path = Updateable.swift; sourceTree = "<group>"; };
		CE91F3911F948F9C002FCE7E /* UIExtension.swift */ = {isa = PBXFileReference; lastKnownFileType = sourcecode.swift; path = UIExtension.swift; sourceTree = "<group>"; };
		CE91F3931F948F9C002FCE7E /* GradientView.swift */ = {isa = PBXFileReference; lastKnownFileType = sourcecode.swift; path = GradientView.swift; sourceTree = "<group>"; };
		CE91F3941F948F9C002FCE7E /* LineView.swift */ = {isa = PBXFileReference; lastKnownFileType = sourcecode.swift; path = LineView.swift; sourceTree = "<group>"; };
		CE91F3951F948F9C002FCE7E /* PathView.swift */ = {isa = PBXFileReference; lastKnownFileType = sourcecode.swift; path = PathView.swift; sourceTree = "<group>"; };
		CE91F3961F948F9C002FCE7E /* RadialGradientLayer.swift */ = {isa = PBXFileReference; lastKnownFileType = sourcecode.swift; path = RadialGradientLayer.swift; sourceTree = "<group>"; };
		CE91F3971F948F9C002FCE7E /* TestView.swift */ = {isa = PBXFileReference; lastKnownFileType = sourcecode.swift; path = TestView.swift; sourceTree = "<group>"; };
		CEE0CAA51F9F434E00EE9B2E /* Demo.app */ = {isa = PBXFileReference; explicitFileType = wrapper.application; includeInIndex = 0; path = Demo.app; sourceTree = BUILT_PRODUCTS_DIR; };
		CEE0CAA71F9F434E00EE9B2E /* AppDelegate.swift */ = {isa = PBXFileReference; lastKnownFileType = sourcecode.swift; path = AppDelegate.swift; sourceTree = "<group>"; };
		CEE0CAA91F9F434E00EE9B2E /* ViewController.swift */ = {isa = PBXFileReference; lastKnownFileType = sourcecode.swift; path = ViewController.swift; sourceTree = "<group>"; };
		CEE0CAAC1F9F434E00EE9B2E /* Base */ = {isa = PBXFileReference; lastKnownFileType = file.storyboard; name = Base; path = Base.lproj/Main.storyboard; sourceTree = "<group>"; };
		CEE0CAAE1F9F434E00EE9B2E /* Assets.xcassets */ = {isa = PBXFileReference; lastKnownFileType = folder.assetcatalog; path = Assets.xcassets; sourceTree = "<group>"; };
		CEE0CAB11F9F434E00EE9B2E /* Base */ = {isa = PBXFileReference; lastKnownFileType = file.storyboard; name = Base; path = Base.lproj/LaunchScreen.storyboard; sourceTree = "<group>"; };
		CEE0CAB31F9F434E00EE9B2E /* Info.plist */ = {isa = PBXFileReference; lastKnownFileType = text.plist.xml; path = Info.plist; sourceTree = "<group>"; };
		CEE0CAB91F9F44A700EE9B2E /* String+HTML.swift */ = {isa = PBXFileReference; lastKnownFileType = sourcecode.swift; path = "String+HTML.swift"; sourceTree = "<group>"; };
		CEE0CABB1F9F48B200EE9B2E /* String+Rendering.swift */ = {isa = PBXFileReference; lastKnownFileType = sourcecode.swift; path = "String+Rendering.swift"; sourceTree = "<group>"; };
		CEE0CABD1F9F685E00EE9B2E /* CGSizeExtension.swift */ = {isa = PBXFileReference; lastKnownFileType = sourcecode.swift; path = CGSizeExtension.swift; sourceTree = "<group>"; };
		CEE0CAC01F9F700D00EE9B2E /* CGPointOperators.swift */ = {isa = PBXFileReference; lastKnownFileType = sourcecode.swift; path = CGPointOperators.swift; sourceTree = "<group>"; };
		CEE0CAC21F9F703C00EE9B2E /* CGAffineTransformOperators.swift */ = {isa = PBXFileReference; lastKnownFileType = sourcecode.swift; path = CGAffineTransformOperators.swift; sourceTree = "<group>"; };
		CEE0CAC41F9F705A00EE9B2E /* UIEdgeInsetsOperators.swift */ = {isa = PBXFileReference; lastKnownFileType = sourcecode.swift; path = UIEdgeInsetsOperators.swift; sourceTree = "<group>"; };
		CEE0CAC61F9F715A00EE9B2E /* CGRect+Geometry.swift */ = {isa = PBXFileReference; lastKnownFileType = sourcecode.swift; path = "CGRect+Geometry.swift"; sourceTree = "<group>"; };
		CEE0CAC81F9F727A00EE9B2E /* CGRectOperators.swift */ = {isa = PBXFileReference; lastKnownFileType = sourcecode.swift; path = CGRectOperators.swift; sourceTree = "<group>"; };
		CEE0CACD1F9F79FB00EE9B2E /* UIEdgeInsetsExtension.swift */ = {isa = PBXFileReference; lastKnownFileType = sourcecode.swift; path = UIEdgeInsetsExtension.swift; sourceTree = "<group>"; };
		CEE0CACF1F9F868A00EE9B2E /* UIExtensionDevice.swift */ = {isa = PBXFileReference; lastKnownFileType = sourcecode.swift; path = UIExtensionDevice.swift; sourceTree = "<group>"; };
		CEE0CAD11F9F869300EE9B2E /* UIExtensionSize.swift */ = {isa = PBXFileReference; lastKnownFileType = sourcecode.swift; path = UIExtensionSize.swift; sourceTree = "<group>"; };
		CEE0CAD31F9F874700EE9B2E /* IntExtension.swift */ = {isa = PBXFileReference; lastKnownFileType = sourcecode.swift; path = IntExtension.swift; sourceTree = "<group>"; };
/* End PBXFileReference section */

/* Begin PBXFrameworksBuildPhase section */
		CE91F3191F948AA8002FCE7E /* Frameworks */ = {
			isa = PBXFrameworksBuildPhase;
			buildActionMask = 2147483647;
			files = (
			);
			runOnlyForDeploymentPostprocessing = 0;
		};
		CEE0CAA21F9F434E00EE9B2E /* Frameworks */ = {
			isa = PBXFrameworksBuildPhase;
			buildActionMask = 2147483647;
			files = (
			);
			runOnlyForDeploymentPostprocessing = 0;
		};
/* End PBXFrameworksBuildPhase section */

/* Begin PBXGroup section */
		CE91F3131F948AA8002FCE7E = {
			isa = PBXGroup;
			children = (
				CE91F31F1F948AA8002FCE7E /* Utility */,
				CEE0CAA61F9F434E00EE9B2E /* Demo */,
				CE91F31E1F948AA8002FCE7E /* Products */,
			);
			indentWidth = 2;
			sourceTree = "<group>";
			tabWidth = 2;
		};
		CE91F31E1F948AA8002FCE7E /* Products */ = {
			isa = PBXGroup;
			children = (
				CE91F31D1F948AA8002FCE7E /* Utility.framework */,
				CEE0CAA51F9F434E00EE9B2E /* Demo.app */,
			);
			name = Products;
			sourceTree = "<group>";
		};
		CE91F31F1F948AA8002FCE7E /* Utility */ = {
			isa = PBXGroup;
			children = (
				CE91F3701F948F9C002FCE7E /* Source */,
				CE91F3201F948AA8002FCE7E /* Utility.h */,
				CE91F3211F948AA8002FCE7E /* Info.plist */,
			);
			path = Utility;
			sourceTree = "<group>";
		};
		CE91F3701F948F9C002FCE7E /* Source */ = {
			isa = PBXGroup;
			children = (
				CE91F3711F948F9C002FCE7E /* Core */,
				CEE0CACB1F9F737500EE9B2E /* Formatter */,
				CEE0CAA01F9F414C00EE9B2E /* Geometry */,
				CEE0CABF1F9F6FFD00EE9B2E /* Operators */,
				CEE0CAD51F9F878300EE9B2E /* Other */,
				CEE0CACA1F9F735B00EE9B2E /* String */,
				CE91F3821F948F9C002FCE7E /* UI */,
				CEE0CACC1F9F77D800EE9B2E /* UIExtension */,
			);
			path = Source;
			sourceTree = "<group>";
		};
		CE91F3711F948F9C002FCE7E /* Core */ = {
			isa = PBXGroup;
			children = (
				CE91F3731F948F9C002FCE7E /* BoolExtension.swift */,
				CE91F3841F948F9C002FCE7E /* CGFloatExtension.swift */,
				CE91F3851F948F9C002FCE7E /* CGPointExtension.swift */,
				CE91F3861F948F9C002FCE7E /* CGRectExtension.swift */,
				CEE0CABD1F9F685E00EE9B2E /* CGSizeExtension.swift */,
				CE91F3871F948F9C002FCE7E /* ComparableExtension.swift */,
				CEE0CAD31F9F874700EE9B2E /* IntExtension.swift */,
				CE91F3791F948F9C002FCE7E /* SequenceExtension.swift */,
				CE91F37B1F948F9C002FCE7E /* StringExtension.swift */,
				CE91F3891F948F9C002FCE7E /* UIColorExtension.swift */,
				CEE0CACD1F9F79FB00EE9B2E /* UIEdgeInsetsExtension.swift */,
			);
			path = Core;
			sourceTree = "<group>";
		};
		CE91F3821F948F9C002FCE7E /* UI */ = {
			isa = PBXGroup;
			children = (
				CE91F38C1F948F9C002FCE7E /* UIScrollViewExtension.swift */,
				CE91F38D1F948F9C002FCE7E /* UIView+Animations.swift */,
				CE91F38E1F948F9C002FCE7E /* UIViewExtension.swift */,
				CE91F3921F948F9C002FCE7E /* Views */,
			);
			path = UI;
			sourceTree = "<group>";
		};
		CE91F3921F948F9C002FCE7E /* Views */ = {
			isa = PBXGroup;
			children = (
				CE91F3931F948F9C002FCE7E /* GradientView.swift */,
				CE91F3941F948F9C002FCE7E /* LineView.swift */,
				CE91F3951F948F9C002FCE7E /* PathView.swift */,
				CE91F3961F948F9C002FCE7E /* RadialGradientLayer.swift */,
				CE91F3971F948F9C002FCE7E /* TestView.swift */,
			);
			path = Views;
			sourceTree = "<group>";
		};
		CEE0CAA01F9F414C00EE9B2E /* Geometry */ = {
			isa = PBXGroup;
			children = (
				CE91F3761F948F9C002FCE7E /* Geometry.swift */,
				CEE0CAC61F9F715A00EE9B2E /* CGRect+Geometry.swift */,
			);
			path = Geometry;
			sourceTree = "<group>";
		};
		CEE0CAA61F9F434E00EE9B2E /* Demo */ = {
			isa = PBXGroup;
			children = (
				CEE0CAA71F9F434E00EE9B2E /* AppDelegate.swift */,
				5C30E5FF1FA0D8C600591CAA /* Demo.swift */,
				CEE0CAA91F9F434E00EE9B2E /* ViewController.swift */,
				CEE0CAAB1F9F434E00EE9B2E /* Main.storyboard */,
				CEE0CAAE1F9F434E00EE9B2E /* Assets.xcassets */,
				CEE0CAB01F9F434E00EE9B2E /* LaunchScreen.storyboard */,
				CEE0CAB31F9F434E00EE9B2E /* Info.plist */,
			);
			path = Demo;
			sourceTree = "<group>";
		};
		CEE0CABF1F9F6FFD00EE9B2E /* Operators */ = {
			isa = PBXGroup;
			children = (
				CEE0CAC21F9F703C00EE9B2E /* CGAffineTransformOperators.swift */,
				CEE0CAC01F9F700D00EE9B2E /* CGPointOperators.swift */,
				CEE0CAC81F9F727A00EE9B2E /* CGRectOperators.swift */,
				CE91F3881F948F9C002FCE7E /* CGSizeOperators.swift */,
				CEE0CAC41F9F705A00EE9B2E /* UIEdgeInsetsOperators.swift */,
			);
			path = Operators;
			sourceTree = "<group>";
		};
		CEE0CACA1F9F735B00EE9B2E /* String */ = {
			isa = PBXGroup;
			children = (
				CEE0CAB91F9F44A700EE9B2E /* String+HTML.swift */,
				CEE0CABB1F9F48B200EE9B2E /* String+Rendering.swift */,
			);
			path = String;
			sourceTree = "<group>";
		};
		CEE0CACB1F9F737500EE9B2E /* Formatter */ = {
			isa = PBXGroup;
			children = (
				CE91F3751F948F9C002FCE7E /* Float+Formatted.swift */,
				CE91F3771F948F9C002FCE7E /* Int+Formatted.swift */,
				CE91F3811F948F9C002FCE7E /* FormatterPool.swift */,
			);
			path = Formatter;
			sourceTree = "<group>";
		};
		CEE0CACC1F9F77D800EE9B2E /* UIExtension */ = {
			isa = PBXGroup;
			children = (
				CE91F3911F948F9C002FCE7E /* UIExtension.swift */,
				CEE0CACF1F9F868A00EE9B2E /* UIExtensionDevice.swift */,
				CEE0CAD11F9F869300EE9B2E /* UIExtensionSize.swift */,
			);
			path = UIExtension;
			sourceTree = "<group>";
		};
		CEE0CAD51F9F878300EE9B2E /* Other */ = {
			isa = PBXGroup;
			children = (
				CE91F3741F948F9C002FCE7E /* Boxed.swift */,
				CE91F3901F948F9C002FCE7E /* Updateable.swift */,
			);
			path = Other;
			sourceTree = "<group>";
		};
/* End PBXGroup section */

/* Begin PBXHeadersBuildPhase section */
		CE91F31A1F948AA8002FCE7E /* Headers */ = {
			isa = PBXHeadersBuildPhase;
			buildActionMask = 2147483647;
			files = (
				CE91F3221F948AA8002FCE7E /* Utility.h in Headers */,
				CEC90CA11F94BB9B00FA7643 /* BoolExtension.swift in Headers */,
				CEC90CA21F94BB9B00FA7643 /* Boxed.swift in Headers */,
				CEC90CA31F94BB9B00FA7643 /* Float+Formatted.swift in Headers */,
				CEC90CA41F94BB9B00FA7643 /* Geometry.swift in Headers */,
				CEC90CA51F94BB9B00FA7643 /* Int+Formatted.swift in Headers */,
				CEC90CA71F94BB9B00FA7643 /* SequenceExtension.swift in Headers */,
				CEC90CA91F94BB9B00FA7643 /* StringExtension.swift in Headers */,
				CEC90CAD1F94BB9B00FA7643 /* FormatterPool.swift in Headers */,
				CEC90CAE1F94BB9B00FA7643 /* CGFloatExtension.swift in Headers */,
				CEC90CAF1F94BB9B00FA7643 /* CGPointExtension.swift in Headers */,
				CEC90CB01F94BB9B00FA7643 /* CGRectExtension.swift in Headers */,
				CEC90CB11F94BB9B00FA7643 /* ComparableExtension.swift in Headers */,
				CEC90CB21F94BB9B00FA7643 /* CGSizeOperators.swift in Headers */,
				CEC90CB31F94BB9B00FA7643 /* UIColorExtension.swift in Headers */,
				CEC90CB61F94BB9B00FA7643 /* UIScrollViewExtension.swift in Headers */,
				CEC90CB71F94BB9B00FA7643 /* UIView+Animations.swift in Headers */,
				CEC90CB81F94BB9B00FA7643 /* UIViewExtension.swift in Headers */,
				CEC90CB91F94BB9B00FA7643 /* Updateable.swift in Headers */,
				CEC90CBA1F94BB9B00FA7643 /* UIExtension.swift in Headers */,
				CEC90CBB1F94BB9B00FA7643 /* GradientView.swift in Headers */,
				CEC90CBC1F94BB9B00FA7643 /* LineView.swift in Headers */,
				CEC90CBD1F94BB9B00FA7643 /* PathView.swift in Headers */,
				CEC90CBE1F94BB9B00FA7643 /* RadialGradientLayer.swift in Headers */,
				CEC90CBF1F94BB9B00FA7643 /* TestView.swift in Headers */,
			);
			runOnlyForDeploymentPostprocessing = 0;
		};
/* End PBXHeadersBuildPhase section */

/* Begin PBXNativeTarget section */
		CE91F31C1F948AA8002FCE7E /* Utility */ = {
			isa = PBXNativeTarget;
			buildConfigurationList = CE91F3251F948AA8002FCE7E /* Build configuration list for PBXNativeTarget "Utility" */;
			buildPhases = (
				CE91F3181F948AA8002FCE7E /* Sources */,
				CE91F3191F948AA8002FCE7E /* Frameworks */,
				CE91F31A1F948AA8002FCE7E /* Headers */,
				CE91F31B1F948AA8002FCE7E /* Resources */,
			);
			buildRules = (
			);
			dependencies = (
			);
			name = Utility;
			productName = Utility;
			productReference = CE91F31D1F948AA8002FCE7E /* Utility.framework */;
			productType = "com.apple.product-type.framework";
		};
		CEE0CAA41F9F434E00EE9B2E /* Demo */ = {
			isa = PBXNativeTarget;
			buildConfigurationList = CEE0CAB41F9F434E00EE9B2E /* Build configuration list for PBXNativeTarget "Demo" */;
			buildPhases = (
				CEE0CAA11F9F434E00EE9B2E /* Sources */,
				CEE0CAA21F9F434E00EE9B2E /* Frameworks */,
				CEE0CAA31F9F434E00EE9B2E /* Resources */,
			);
			buildRules = (
			);
			dependencies = (
				CEE0CAB81F9F435A00EE9B2E /* PBXTargetDependency */,
			);
			name = Demo;
			productName = Demo;
			productReference = CEE0CAA51F9F434E00EE9B2E /* Demo.app */;
			productType = "com.apple.product-type.application";
		};
/* End PBXNativeTarget section */

/* Begin PBXProject section */
		CE91F3141F948AA8002FCE7E /* Project object */ = {
			isa = PBXProject;
			attributes = {
				LastSwiftUpdateCheck = 0900;
				LastUpgradeCheck = 0900;
				ORGANIZATIONNAME = NetcoSports;
				TargetAttributes = {
					CE91F31C1F948AA8002FCE7E = {
						CreatedOnToolsVersion = 9.0;
						ProvisioningStyle = Automatic;
					};
					CEE0CAA41F9F434E00EE9B2E = {
						CreatedOnToolsVersion = 9.0;
						ProvisioningStyle = Automatic;
					};
				};
			};
			buildConfigurationList = CE91F3171F948AA8002FCE7E /* Build configuration list for PBXProject "Utility" */;
			compatibilityVersion = "Xcode 8.0";
			developmentRegion = en;
			hasScannedForEncodings = 0;
			knownRegions = (
				en,
				Base,
			);
			mainGroup = CE91F3131F948AA8002FCE7E;
			productRefGroup = CE91F31E1F948AA8002FCE7E /* Products */;
			projectDirPath = "";
			projectRoot = "";
			targets = (
				CE91F31C1F948AA8002FCE7E /* Utility */,
				CEE0CAA41F9F434E00EE9B2E /* Demo */,
			);
		};
/* End PBXProject section */

/* Begin PBXResourcesBuildPhase section */
		CE91F31B1F948AA8002FCE7E /* Resources */ = {
			isa = PBXResourcesBuildPhase;
			buildActionMask = 2147483647;
			files = (
			);
			runOnlyForDeploymentPostprocessing = 0;
		};
		CEE0CAA31F9F434E00EE9B2E /* Resources */ = {
			isa = PBXResourcesBuildPhase;
			buildActionMask = 2147483647;
			files = (
				CEE0CAB21F9F434E00EE9B2E /* LaunchScreen.storyboard in Resources */,
				CEE0CAAF1F9F434E00EE9B2E /* Assets.xcassets in Resources */,
				CEE0CAAD1F9F434E00EE9B2E /* Main.storyboard in Resources */,
			);
			runOnlyForDeploymentPostprocessing = 0;
		};
/* End PBXResourcesBuildPhase section */

/* Begin PBXSourcesBuildPhase section */
		CE91F3181F948AA8002FCE7E /* Sources */ = {
			isa = PBXSourcesBuildPhase;
			buildActionMask = 2147483647;
			files = (
				CEE0CAC11F9F700D00EE9B2E /* CGPointOperators.swift in Sources */,
				CE91F3B11F948FB3002FCE7E /* Updateable.swift in Sources */,
				CE91F3B21F948FB3002FCE7E /* UIExtension.swift in Sources */,
				CE91F3B31F948FB3002FCE7E /* GradientView.swift in Sources */,
				CE91F3B41F948FB3002FCE7E /* LineView.swift in Sources */,
				CEE0CAD41F9F874700EE9B2E /* IntExtension.swift in Sources */,
				CEE0CAD01F9F868A00EE9B2E /* UIExtensionDevice.swift in Sources */,
				CE91F3B51F948FB3002FCE7E /* PathView.swift in Sources */,
				CEE0CAC51F9F705A00EE9B2E /* UIEdgeInsetsOperators.swift in Sources */,
				CEE0CAC91F9F727A00EE9B2E /* CGRectOperators.swift in Sources */,
				CE91F3B61F948FB3002FCE7E /* RadialGradientLayer.swift in Sources */,
				CE91F3B71F948FB3002FCE7E /* TestView.swift in Sources */,
				CEE0CACE1F9F79FB00EE9B2E /* UIEdgeInsetsExtension.swift in Sources */,
				CE91F3A51F948FAC002FCE7E /* FormatterPool.swift in Sources */,
				CE91F3A61F948FAC002FCE7E /* CGFloatExtension.swift in Sources */,
				CE91F3A71F948FAC002FCE7E /* CGPointExtension.swift in Sources */,
				CE91F3A81F948FAC002FCE7E /* CGRectExtension.swift in Sources */,
				CE91F3A91F948FAC002FCE7E /* ComparableExtension.swift in Sources */,
				CE91F3AA1F948FAC002FCE7E /* CGSizeOperators.swift in Sources */,
				CE91F3AB1F948FAC002FCE7E /* UIColorExtension.swift in Sources */,
				CE91F3AE1F948FAC002FCE7E /* UIScrollViewExtension.swift in Sources */,
				CEE0CABE1F9F685E00EE9B2E /* CGSizeExtension.swift in Sources */,
				CE91F3AF1F948FAC002FCE7E /* UIView+Animations.swift in Sources */,
				CE91F3B01F948FAC002FCE7E /* UIViewExtension.swift in Sources */,
				CEE0CAC71F9F715A00EE9B2E /* CGRect+Geometry.swift in Sources */,
				CEE0CABA1F9F44A700EE9B2E /* String+HTML.swift in Sources */,
				CEE0CAD21F9F869300EE9B2E /* UIExtensionSize.swift in Sources */,
				CE91F3991F948FA5002FCE7E /* BoolExtension.swift in Sources */,
				CE91F39A1F948FA5002FCE7E /* Boxed.swift in Sources */,
				CEE0CAC31F9F703C00EE9B2E /* CGAffineTransformOperators.swift in Sources */,
				CE91F39B1F948FA5002FCE7E /* Float+Formatted.swift in Sources */,
				CE91F39C1F948FA5002FCE7E /* Geometry.swift in Sources */,
				CE91F39D1F948FA5002FCE7E /* Int+Formatted.swift in Sources */,
				CE91F39F1F948FA5002FCE7E /* SequenceExtension.swift in Sources */,
				CEE0CABC1F9F48B200EE9B2E /* String+Rendering.swift in Sources */,
				CE91F3A11F948FA5002FCE7E /* StringExtension.swift in Sources */,
			);
			runOnlyForDeploymentPostprocessing = 0;
		};
		CEE0CAA11F9F434E00EE9B2E /* Sources */ = {
			isa = PBXSourcesBuildPhase;
			buildActionMask = 2147483647;
			files = (
				CEE0CAAA1F9F434E00EE9B2E /* ViewController.swift in Sources */,
				CEE0CAA81F9F434E00EE9B2E /* AppDelegate.swift in Sources */,
				5C30E6001FA0D8C600591CAA /* Demo.swift in Sources */,
			);
			runOnlyForDeploymentPostprocessing = 0;
		};
/* End PBXSourcesBuildPhase section */

/* Begin PBXTargetDependency section */
		CEE0CAB81F9F435A00EE9B2E /* PBXTargetDependency */ = {
			isa = PBXTargetDependency;
			target = CE91F31C1F948AA8002FCE7E /* Utility */;
			targetProxy = CEE0CAB71F9F435A00EE9B2E /* PBXContainerItemProxy */;
		};
/* End PBXTargetDependency section */

/* Begin PBXVariantGroup section */
		CEE0CAAB1F9F434E00EE9B2E /* Main.storyboard */ = {
			isa = PBXVariantGroup;
			children = (
				CEE0CAAC1F9F434E00EE9B2E /* Base */,
			);
			name = Main.storyboard;
			sourceTree = "<group>";
		};
		CEE0CAB01F9F434E00EE9B2E /* LaunchScreen.storyboard */ = {
			isa = PBXVariantGroup;
			children = (
				CEE0CAB11F9F434E00EE9B2E /* Base */,
			);
			name = LaunchScreen.storyboard;
			sourceTree = "<group>";
		};
/* End PBXVariantGroup section */

/* Begin XCBuildConfiguration section */
		CE91F3231F948AA8002FCE7E /* Debug */ = {
			isa = XCBuildConfiguration;
			buildSettings = {
				ALWAYS_SEARCH_USER_PATHS = NO;
				CLANG_ANALYZER_NONNULL = YES;
				CLANG_ANALYZER_NUMBER_OBJECT_CONVERSION = YES_AGGRESSIVE;
				CLANG_CXX_LANGUAGE_STANDARD = "gnu++14";
				CLANG_CXX_LIBRARY = "libc++";
				CLANG_ENABLE_MODULES = YES;
				CLANG_ENABLE_OBJC_ARC = YES;
				CLANG_WARN_BLOCK_CAPTURE_AUTORELEASING = YES;
				CLANG_WARN_BOOL_CONVERSION = YES;
				CLANG_WARN_COMMA = YES;
				CLANG_WARN_CONSTANT_CONVERSION = YES;
				CLANG_WARN_DIRECT_OBJC_ISA_USAGE = YES_ERROR;
				CLANG_WARN_DOCUMENTATION_COMMENTS = YES;
				CLANG_WARN_EMPTY_BODY = YES;
				CLANG_WARN_ENUM_CONVERSION = YES;
				CLANG_WARN_INFINITE_RECURSION = YES;
				CLANG_WARN_INT_CONVERSION = YES;
				CLANG_WARN_NON_LITERAL_NULL_CONVERSION = YES;
				CLANG_WARN_OBJC_LITERAL_CONVERSION = YES;
				CLANG_WARN_OBJC_ROOT_CLASS = YES_ERROR;
				CLANG_WARN_RANGE_LOOP_ANALYSIS = YES;
				CLANG_WARN_STRICT_PROTOTYPES = YES;
				CLANG_WARN_SUSPICIOUS_MOVE = YES;
				CLANG_WARN_UNGUARDED_AVAILABILITY = YES_AGGRESSIVE;
				CLANG_WARN_UNREACHABLE_CODE = YES;
				CLANG_WARN__DUPLICATE_METHOD_MATCH = YES;
				CODE_SIGN_IDENTITY = "iPhone Developer";
				COPY_PHASE_STRIP = NO;
				CURRENT_PROJECT_VERSION = 1;
				DEBUG_INFORMATION_FORMAT = dwarf;
				ENABLE_STRICT_OBJC_MSGSEND = YES;
				ENABLE_TESTABILITY = YES;
				GCC_C_LANGUAGE_STANDARD = gnu11;
				GCC_DYNAMIC_NO_PIC = NO;
				GCC_NO_COMMON_BLOCKS = YES;
				GCC_OPTIMIZATION_LEVEL = 0;
				GCC_PREPROCESSOR_DEFINITIONS = (
					"DEBUG=1",
					"$(inherited)",
				);
				GCC_WARN_64_TO_32_BIT_CONVERSION = YES;
				GCC_WARN_ABOUT_RETURN_TYPE = YES_ERROR;
				GCC_WARN_UNDECLARED_SELECTOR = YES;
				GCC_WARN_UNINITIALIZED_AUTOS = YES_AGGRESSIVE;
				GCC_WARN_UNUSED_FUNCTION = YES;
				GCC_WARN_UNUSED_VARIABLE = YES;
				IPHONEOS_DEPLOYMENT_TARGET = 9.3;
				MTL_ENABLE_DEBUG_INFO = YES;
				ONLY_ACTIVE_ARCH = YES;
				SDKROOT = iphoneos;
				SWIFT_ACTIVE_COMPILATION_CONDITIONS = DEBUG;
				SWIFT_OPTIMIZATION_LEVEL = "-Onone";
				SWIFT_VERSION = 4.0;
				VERSIONING_SYSTEM = "apple-generic";
				VERSION_INFO_PREFIX = "";
			};
			name = Debug;
		};
		CE91F3241F948AA8002FCE7E /* Release */ = {
			isa = XCBuildConfiguration;
			buildSettings = {
				ALWAYS_SEARCH_USER_PATHS = NO;
				CLANG_ANALYZER_NONNULL = YES;
				CLANG_ANALYZER_NUMBER_OBJECT_CONVERSION = YES_AGGRESSIVE;
				CLANG_CXX_LANGUAGE_STANDARD = "gnu++14";
				CLANG_CXX_LIBRARY = "libc++";
				CLANG_ENABLE_MODULES = YES;
				CLANG_ENABLE_OBJC_ARC = YES;
				CLANG_WARN_BLOCK_CAPTURE_AUTORELEASING = YES;
				CLANG_WARN_BOOL_CONVERSION = YES;
				CLANG_WARN_COMMA = YES;
				CLANG_WARN_CONSTANT_CONVERSION = YES;
				CLANG_WARN_DIRECT_OBJC_ISA_USAGE = YES_ERROR;
				CLANG_WARN_DOCUMENTATION_COMMENTS = YES;
				CLANG_WARN_EMPTY_BODY = YES;
				CLANG_WARN_ENUM_CONVERSION = YES;
				CLANG_WARN_INFINITE_RECURSION = YES;
				CLANG_WARN_INT_CONVERSION = YES;
				CLANG_WARN_NON_LITERAL_NULL_CONVERSION = YES;
				CLANG_WARN_OBJC_LITERAL_CONVERSION = YES;
				CLANG_WARN_OBJC_ROOT_CLASS = YES_ERROR;
				CLANG_WARN_RANGE_LOOP_ANALYSIS = YES;
				CLANG_WARN_STRICT_PROTOTYPES = YES;
				CLANG_WARN_SUSPICIOUS_MOVE = YES;
				CLANG_WARN_UNGUARDED_AVAILABILITY = YES_AGGRESSIVE;
				CLANG_WARN_UNREACHABLE_CODE = YES;
				CLANG_WARN__DUPLICATE_METHOD_MATCH = YES;
				CODE_SIGN_IDENTITY = "iPhone Developer";
				COPY_PHASE_STRIP = NO;
				CURRENT_PROJECT_VERSION = 1;
				DEBUG_INFORMATION_FORMAT = "dwarf-with-dsym";
				ENABLE_NS_ASSERTIONS = NO;
				ENABLE_STRICT_OBJC_MSGSEND = YES;
				GCC_C_LANGUAGE_STANDARD = gnu11;
				GCC_NO_COMMON_BLOCKS = YES;
				GCC_WARN_64_TO_32_BIT_CONVERSION = YES;
				GCC_WARN_ABOUT_RETURN_TYPE = YES_ERROR;
				GCC_WARN_UNDECLARED_SELECTOR = YES;
				GCC_WARN_UNINITIALIZED_AUTOS = YES_AGGRESSIVE;
				GCC_WARN_UNUSED_FUNCTION = YES;
				GCC_WARN_UNUSED_VARIABLE = YES;
				IPHONEOS_DEPLOYMENT_TARGET = 9.3;
				MTL_ENABLE_DEBUG_INFO = NO;
				SDKROOT = iphoneos;
				SWIFT_OPTIMIZATION_LEVEL = "-Owholemodule";
				SWIFT_VERSION = 4.0;
				VALIDATE_PRODUCT = YES;
				VERSIONING_SYSTEM = "apple-generic";
				VERSION_INFO_PREFIX = "";
			};
			name = Release;
		};
		CE91F3261F948AA8002FCE7E /* Debug */ = {
			isa = XCBuildConfiguration;
			buildSettings = {
				CODE_SIGN_IDENTITY = "";
				CODE_SIGN_STYLE = Automatic;
				DEFINES_MODULE = YES;
				DYLIB_COMPATIBILITY_VERSION = 1;
				DYLIB_CURRENT_VERSION = 1;
				DYLIB_INSTALL_NAME_BASE = "@rpath";
				INFOPLIST_FILE = Utility/Info.plist;
				INSTALL_PATH = "$(LOCAL_LIBRARY_DIR)/Frameworks";
				IPHONEOS_DEPLOYMENT_TARGET = 9.3;
				LD_RUNPATH_SEARCH_PATHS = "$(inherited) @executable_path/Frameworks @loader_path/Frameworks";
				PRODUCT_BUNDLE_IDENTIFIER = com.dev.Utility;
				PRODUCT_NAME = "$(TARGET_NAME:c99extidentifier)";
				SKIP_INSTALL = YES;
				SWIFT_VERSION = 4.0;
				TARGETED_DEVICE_FAMILY = "1,2";
			};
			name = Debug;
		};
		CE91F3271F948AA8002FCE7E /* Release */ = {
			isa = XCBuildConfiguration;
			buildSettings = {
				CODE_SIGN_IDENTITY = "";
				CODE_SIGN_STYLE = Automatic;
				DEFINES_MODULE = YES;
				DYLIB_COMPATIBILITY_VERSION = 1;
				DYLIB_CURRENT_VERSION = 1;
				DYLIB_INSTALL_NAME_BASE = "@rpath";
				INFOPLIST_FILE = Utility/Info.plist;
				INSTALL_PATH = "$(LOCAL_LIBRARY_DIR)/Frameworks";
				IPHONEOS_DEPLOYMENT_TARGET = 9.3;
				LD_RUNPATH_SEARCH_PATHS = "$(inherited) @executable_path/Frameworks @loader_path/Frameworks";
				PRODUCT_BUNDLE_IDENTIFIER = com.dev.Utility;
				PRODUCT_NAME = "$(TARGET_NAME:c99extidentifier)";
				SKIP_INSTALL = YES;
				SWIFT_VERSION = 4.0;
				TARGETED_DEVICE_FAMILY = "1,2";
			};
			name = Release;
		};
		CEE0CAB51F9F434E00EE9B2E /* Debug */ = {
			isa = XCBuildConfiguration;
			buildSettings = {
				ASSETCATALOG_COMPILER_APPICON_NAME = AppIcon;
				CODE_SIGN_STYLE = Automatic;
				INFOPLIST_FILE = Demo/Info.plist;
				IPHONEOS_DEPLOYMENT_TARGET = 11.0;
				LD_RUNPATH_SEARCH_PATHS = "$(inherited) @executable_path/Frameworks";
				PRODUCT_BUNDLE_IDENTIFIER = com.dev.Demo;
				PRODUCT_NAME = "$(TARGET_NAME)";
				SWIFT_VERSION = 4.0;
				TARGETED_DEVICE_FAMILY = "1,2";
			};
			name = Debug;
		};
		CEE0CAB61F9F434E00EE9B2E /* Release */ = {
			isa = XCBuildConfiguration;
			buildSettings = {
				ASSETCATALOG_COMPILER_APPICON_NAME = AppIcon;
				CODE_SIGN_STYLE = Automatic;
				INFOPLIST_FILE = Demo/Info.plist;
				IPHONEOS_DEPLOYMENT_TARGET = 11.0;
				LD_RUNPATH_SEARCH_PATHS = "$(inherited) @executable_path/Frameworks";
				PRODUCT_BUNDLE_IDENTIFIER = com.dev.Demo;
				PRODUCT_NAME = "$(TARGET_NAME)";
				SWIFT_VERSION = 4.0;
				TARGETED_DEVICE_FAMILY = "1,2";
			};
			name = Release;
		};
/* End XCBuildConfiguration section */

/* Begin XCConfigurationList section */
		CE91F3171F948AA8002FCE7E /* Build configuration list for PBXProject "Utility" */ = {
			isa = XCConfigurationList;
			buildConfigurations = (
				CE91F3231F948AA8002FCE7E /* Debug */,
				CE91F3241F948AA8002FCE7E /* Release */,
			);
			defaultConfigurationIsVisible = 0;
			defaultConfigurationName = Release;
		};
		CE91F3251F948AA8002FCE7E /* Build configuration list for PBXNativeTarget "Utility" */ = {
			isa = XCConfigurationList;
			buildConfigurations = (
				CE91F3261F948AA8002FCE7E /* Debug */,
				CE91F3271F948AA8002FCE7E /* Release */,
			);
			defaultConfigurationIsVisible = 0;
			defaultConfigurationName = Release;
		};
		CEE0CAB41F9F434E00EE9B2E /* Build configuration list for PBXNativeTarget "Demo" */ = {
			isa = XCConfigurationList;
			buildConfigurations = (
				CEE0CAB51F9F434E00EE9B2E /* Debug */,
				CEE0CAB61F9F434E00EE9B2E /* Release */,
			);
			defaultConfigurationIsVisible = 0;
			defaultConfigurationName = Release;
		};
/* End XCConfigurationList section */
	};
	rootObject = CE91F3141F948AA8002FCE7E /* Project object */;
}
